PODS:
  - Alamofire (5.0.0-beta.5)
  - HandyJSON (5.0.0-beta.1)
  - Kingfisher (5.3.1)
  - MJRefresh (3.1.15.7)
  - Realm (3.14.1):
    - Realm/Headers (= 3.14.1)
  - Realm/Headers (3.14.1)
  - RealmSwift (3.14.1):
    - Realm (= 3.14.1)
  - RxCocoa (4.5.0):
    - RxSwift (>= 4.4.2, ~> 4.4)
  - RxSwift (4.5.0)
  - SnapKit (4.2.0)
  - SwiftyJSON (4.2.0)

DEPENDENCIES:
  - Alamofire (~> 5.0.0-beta.5)
  - HandyJSON (~> 5.0.0-beta.1)
  - Kingfisher (~> 5.3.1)
  - MJRefresh
  - RealmSwift (~> 3.14.1)
  - RxCocoa (~> 4.5.0)
  - RxSwift (~> 4.5.0)
  - SnapKit (~> 4.2.0)
  - SwiftyJSON

SPEC REPOS:
  https://github.com/cocoapods/specs.git:
    - Alamofire
    - HandyJSON
    - Kingfisher
    - MJRefresh
    - Realm
    - RealmSwift
    - RxCocoa
    - RxSwift
    - SnapKit
    - SwiftyJSON

SPEC CHECKSUMS:
  Alamofire: 9afb08f7f43efcc71c072374e720fcf67521317d
  HandyJSON: 582477127ab3ab65bd2e471815f1a7b846856978
  Kingfisher: d9e7e0b209b59b8f9873aa2f37654e81a7beea51
  MJRefresh: 697f8ec75ebdbe9207767bb682cf0f51b0d8a41f
  Realm: e12c9c2387d05c5bba3a9c394838f5870e85763b
  RealmSwift: a82eab9b04c3e1616082c7e17aa300740847769c
  RxCocoa: cbf70265dc65a981d4ac982e513c10cf23df24a0
  RxSwift: f172070dfd1a93d70a9ab97a5a01166206e1c575
  SnapKit: fe8a619752f3f27075cc9a90244d75c6c3f27e2a
  SwiftyJSON: c4bcba26dd9ec7a027fc8eade48e2c911f229e96

PODFILE CHECKSUM: 93c99e1fbd0b1266e557c685d96d9b6c6a23baa8

COCOAPODS: 1.6.1
